
Microsoft Visual Studio Solution File, Format Version 12.00
# Visual Studio Version 16
VisualStudioVersion = 16.0.31005.135
MinimumVisualStudioVersion = 10.0.40219.1
Project("{FAE04EC0-301F-11D3-BF4B-00C04F79EFBC}") = "2.1 Com.Cognizant.Truyum.Model", "2.1 Com.Cognizant.Truyum.Model\2.1 Com.Cognizant.Truyum.Model.csproj", "{ED9C669F-6447-459E-A06D-9DB479D90C8F}"
EndProject
Project("{FAE04EC0-301F-11D3-BF4B-00C04F79EFBC}") = "Com.Cognizant.Truyum.Utility", "Com.Cognizant.Truyum.Utility\Com.Cognizant.Truyum.Utility.csproj", "{90CC4249-6E1D-468A-88CA-397D2C6BEF1A}"
EndProject
Project("{FAE04EC0-301F-11D3-BF4B-00C04F79EFBC}") = "2.3 Com.Cognizant.Truyum.Dao", "2.3 Com.Cognizant.Truyum.Dao\2.3 Com.Cognizant.Truyum.Dao.csproj", "{AA325F84-4038-48CB-B7C1-F23061106272}"
EndProject
Global
	GlobalSection(SolutionConfigurationPlatforms) = preSolution
		Debug|Any CPU = Debug|Any CPU
		Release|Any CPU = Release|Any CPU
	EndGlobalSection
	GlobalSection(ProjectConfigurationPlatforms) = postSolution
		{ED9C669F-6447-459E-A06D-9DB479D90C8F}.Debug|Any CPU.ActiveCfg = Debug|Any CPU
		{ED9C669F-6447-459E-A06D-9DB479D90C8F}.Debug|Any CPU.Build.0 = Debug|Any CPU
		{ED9C669F-6447-459E-A06D-9DB479D90C8F}.Release|Any CPU.ActiveCfg = Release|Any CPU
		{ED9C669F-6447-459E-A06D-9DB479D90C8F}.Release|Any CPU.Build.0 = Release|Any CPU
		{90CC4249-6E1D-468A-88CA-397D2C6BEF1A}.Debug|Any CPU.ActiveCfg = Debug|Any CPU
		{90CC4249-6E1D-468A-88CA-397D2C6BEF1A}.Debug|Any CPU.Build.0 = Debug|Any CPU
		{90CC4249-6E1D-468A-88CA-397D2C6BEF1A}.Release|Any CPU.ActiveCfg = Release|Any CPU
		{90CC4249-6E1D-468A-88CA-397D2C6BEF1A}.Release|Any CPU.Build.0 = Release|Any CPU
		{AA325F84-4038-48CB-B7C1-F23061106272}.Debug|Any CPU.ActiveCfg = Debug|Any CPU
		{AA325F84-4038-48CB-B7C1-F23061106272}.Debug|Any CPU.Build.0 = Debug|Any CPU
		{AA325F84-4038-48CB-B7C1-F23061106272}.Release|Any CPU.ActiveCfg = Release|Any CPU
		{AA325F84-4038-48CB-B7C1-F23061106272}.Release|Any CPU.Build.0 = Release|Any CPU
	EndGlobalSection
	GlobalSection(SolutionProperties) = preSolution
		HideSolutionNode = FALSE
	EndGlobalSection
	GlobalSection(ExtensibilityGlobals) = postSolution
		SolutionGuid = {42422713-99E7-4822-BBEF-4A4C0D853BFE}
	EndGlobalSection
EndGlobal
